// !$*UTF8*$!
{
	archiveVersion = 1;
	classes = {
	};
	objectVersion = 46;
	objects = {
/* Begin PBXBuildFile section */
		1D3623260D0F684500981E51 /* AppDelegate.m in Sources */ = {isa = PBXBuildFile; fileRef = 1D3623250D0F684500981E51 /* AppDelegate.m */; };
		1D60589B0D05DD56006BFB54 /* main.m in Sources */ = {isa = PBXBuildFile; fileRef = 29B97316FDCFA39411CA2CEA /* main.m */; };
		288765FD0DF74451002DB57D /* CoreGraphics.framework in Frameworks */ = {isa = PBXBuildFile; fileRef = 288765FC0DF74451002DB57D /* CoreGraphics.framework */; };
		301BF552109A68D80062928A /* libCordova.a in Frameworks */ = {isa = PBXBuildFile; fileRef = 301BF535109A57CC0062928A /* libCordova.a */; };
		302D95F114D2391D003F00A1 /* MainViewController.m in Sources */ = {isa = PBXBuildFile; fileRef = 302D95EF14D2391D003F00A1 /* MainViewController.m */; };
		302D95F214D2391D003F00A1 /* MainViewController.xib in Resources */ = {isa = PBXBuildFile; fileRef = 302D95F014D2391D003F00A1 /* MainViewController.xib */; };
		305D5FD1115AB8F900A74A75 /* MobileCoreServices.framework in Frameworks */ = {isa = PBXBuildFile; fileRef = 305D5FD0115AB8F900A74A75 /* MobileCoreServices.framework */; };
		3088BBBD154F3926009F9C59 /* Default-Landscape@2x~ipad.png in Resources */ = {isa = PBXBuildFile; fileRef = 3088BBB7154F3926009F9C59 /* Default-Landscape@2x~ipad.png */; };
		3088BBBE154F3926009F9C59 /* Default-Landscape~ipad.png in Resources */ = {isa = PBXBuildFile; fileRef = 3088BBB8154F3926009F9C59 /* Default-Landscape~ipad.png */; };
		3088BBBF154F3926009F9C59 /* Default-Portrait@2x~ipad.png in Resources */ = {isa = PBXBuildFile; fileRef = 3088BBB9154F3926009F9C59 /* Default-Portrait@2x~ipad.png */; };
		3088BBC0154F3926009F9C59 /* Default-Portrait~ipad.png in Resources */ = {isa = PBXBuildFile; fileRef = 3088BBBA154F3926009F9C59 /* Default-Portrait~ipad.png */; };
		3088BBC1154F3926009F9C59 /* Default@2x~iphone.png in Resources */ = {isa = PBXBuildFile; fileRef = 3088BBBB154F3926009F9C59 /* Default@2x~iphone.png */; };
		3088BBC2154F3926009F9C59 /* Default~iphone.png in Resources */ = {isa = PBXBuildFile; fileRef = 3088BBBC154F3926009F9C59 /* Default~iphone.png */; };
		308D05371370CCF300D202BF /* icon-72.png in Resources */ = {isa = PBXBuildFile; fileRef = 308D052E1370CCF300D202BF /* icon-72.png */; };
		308D05381370CCF300D202BF /* icon.png in Resources */ = {isa = PBXBuildFile; fileRef = 308D052F1370CCF300D202BF /* icon.png */; };
		308D05391370CCF300D202BF /* icon@2x.png in Resources */ = {isa = PBXBuildFile; fileRef = 308D05301370CCF300D202BF /* icon@2x.png */; };
		30B4F30019D5E07200D9F7D8 /* Default-667h.png in Resources */ = {isa = PBXBuildFile; fileRef = 30B4F2FD19D5E07200D9F7D8 /* Default-667h.png */; };
		30B4F30119D5E07200D9F7D8 /* Default-736h.png in Resources */ = {isa = PBXBuildFile; fileRef = 30B4F2FE19D5E07200D9F7D8 /* Default-736h.png */; };
		30B4F30219D5E07200D9F7D8 /* Default-Landscape-736h.png in Resources */ = {isa = PBXBuildFile; fileRef = 30B4F2FF19D5E07200D9F7D8 /* Default-Landscape-736h.png */; };
		30C1856619D5FC0A00212699 /* icon-60@3x.png in Resources */ = {isa = PBXBuildFile; fileRef = 30C1856519D5FC0A00212699 /* icon-60@3x.png */; };
		30FC414916E50CA1004E6F35 /* icon-72@2x.png in Resources */ = {isa = PBXBuildFile; fileRef = 30FC414816E50CA1004E6F35 /* icon-72@2x.png */; };
		5B1594DD16A7569C00FEF299 /* AssetsLibrary.framework in Frameworks */ = {isa = PBXBuildFile; fileRef = 5B1594DC16A7569C00FEF299 /* AssetsLibrary.framework */; };
		7E7966DE1810823500FA85AD /* icon-40.png in Resources */ = {isa = PBXBuildFile; fileRef = 7E7966D41810823500FA85AD /* icon-40.png */; };
		7E7966DF1810823500FA85AD /* icon-40@2x.png in Resources */ = {isa = PBXBuildFile; fileRef = 7E7966D51810823500FA85AD /* icon-40@2x.png */; };
		7E7966E01810823500FA85AD /* icon-50.png in Resources */ = {isa = PBXBuildFile; fileRef = 7E7966D61810823500FA85AD /* icon-50.png */; };
		7E7966E11810823500FA85AD /* icon-50@2x.png in Resources */ = {isa = PBXBuildFile; fileRef = 7E7966D71810823500FA85AD /* icon-50@2x.png */; };
		7E7966E21810823500FA85AD /* icon-60.png in Resources */ = {isa = PBXBuildFile; fileRef = 7E7966D81810823500FA85AD /* icon-60.png */; };
		7E7966E31810823500FA85AD /* icon-60@2x.png in Resources */ = {isa = PBXBuildFile; fileRef = 7E7966D91810823500FA85AD /* icon-60@2x.png */; };
		7E7966E41810823500FA85AD /* icon-76.png in Resources */ = {isa = PBXBuildFile; fileRef = 7E7966DA1810823500FA85AD /* icon-76.png */; };
		7E7966E51810823500FA85AD /* icon-76@2x.png in Resources */ = {isa = PBXBuildFile; fileRef = 7E7966DB1810823500FA85AD /* icon-76@2x.png */; };
		7E7966E61810823500FA85AD /* icon-small.png in Resources */ = {isa = PBXBuildFile; fileRef = 7E7966DC1810823500FA85AD /* icon-small.png */; };
		7E7966E71810823500FA85AD /* icon-small@2x.png in Resources */ = {isa = PBXBuildFile; fileRef = 7E7966DD1810823500FA85AD /* icon-small@2x.png */; };
		D4A0D8761607E02300AEF8BB /* Default-568h@2x~iphone.png in Resources */ = {isa = PBXBuildFile; fileRef = D4A0D8751607E02300AEF8BB /* Default-568h@2x~iphone.png */; };
		14B490884EAD41E881870B8E /* FacebookConnectPlugin.m in Sources */ = {isa = PBXBuildFile; fileRef = 04A0D35D58814822A7CE59B9 /* FacebookConnectPlugin.m */; };
		E1DA91A7CA8849DFB0D19A9B /* FacebookSDK.framework in Frameworks */ = {isa = PBXBuildFile; fileRef = 95BD337926BB4ADF856ED2BD /* FacebookSDK.framework */; };
		D37B9F0ECE934CF5B8AE94E5 /* libsqlite3.dylib in Frameworks */ = {isa = PBXBuildFile; fileRef = 3C555A9E5E334AC3AE4323E2 /* libsqlite3.dylib */; };
		8DA933B122354A71A4C35BC1 /* Social.framework in Frameworks */ = {isa = PBXBuildFile; fileRef = 7BC14EF3D2A34D61B8BE597D /* Social.framework */; settings = {ATTRIBUTES = (Weak, ); }; };
		3D028274B15B42EB9F1F9026 /* Accounts.framework in Frameworks */ = {isa = PBXBuildFile; fileRef = 1E412152BFB5462B941EB77D /* Accounts.framework */; settings = {ATTRIBUTES = (Weak, ); }; };
		AE4DBBA114614D5C911DCE62 /* Security.framework in Frameworks */ = {isa = PBXBuildFile; fileRef = 86E59969856C40A4B3E2939C /* Security.framework */; settings = {ATTRIBUTES = (Weak, ); }; };
		2397865F95944F48986230AC /* CDVBattery.m in Sources */ = {isa = PBXBuildFile; fileRef = 66A3C9927E8E4C61BD8EFCAC /* CDVBattery.m */; };
		90339A5BC3B544778268539B /* UIImage+CropScaleOrientation.m in Sources */ = {isa = PBXBuildFile; fileRef = EE56AFE7AEAA4B09B58A7AAF /* UIImage+CropScaleOrientation.m */; };
		B382D9CD8FAD4FD6868D32DD /* CDVCamera.m in Sources */ = {isa = PBXBuildFile; fileRef = B7BCB4644537424EAA6BF9D6 /* CDVCamera.m */; };
		C981B9FBFB944919A7B06337 /* CDVJpegHeaderWriter.m in Sources */ = {isa = PBXBuildFile; fileRef = 0711E030ED25435F9FD41438 /* CDVJpegHeaderWriter.m */; };
		25A4F049533844178A4B9A2D /* ImageIO.framework in Frameworks */ = {isa = PBXBuildFile; fileRef = 0EBC65A2340944C3A8BAEF82 /* ImageIO.framework */; settings = {ATTRIBUTES = (Weak, ); }; };
		902B9CBFF2CD4F1FB8049072 /* CoreLocation.framework in Frameworks */ = {isa = PBXBuildFile; fileRef = 30B6DC3A754E47F6B0E4CEE8 /* CoreLocation.framework */; };
		F48B8C9841CA4A5A923F1E93 /* CDVLogger.m in Sources */ = {isa = PBXBuildFile; fileRef = 553D5FC8DA0A41F392BA303C /* CDVLogger.m */; };
		97199332ACD14B309A67A272 /* CDVContacts.m in Sources */ = {isa = PBXBuildFile; fileRef = F68A7F5186384778B32E90B3 /* CDVContacts.m */; };
		0D992E2CF08F43DD937AFE3E /* CDVContact.m in Sources */ = {isa = PBXBuildFile; fileRef = 0524AC498944404F87372248 /* CDVContact.m */; };
		ACF1FC1DA9DC4E02895C5838 /* AddressBook.framework in Frameworks */ = {isa = PBXBuildFile; fileRef = E5FF6EF65F1A438DA53A5A41 /* AddressBook.framework */; settings = {ATTRIBUTES = (Weak, ); }; };
		52864AD0121B427493B8A7CD /* AddressBookUI.framework in Frameworks */ = {isa = PBXBuildFile; fileRef = E7BE61332C4543E2B7DF857B /* AddressBookUI.framework */; settings = {ATTRIBUTES = (Weak, ); }; };
		03C808DC12674FD7B814AF36 /* CDVDevice.m in Sources */ = {isa = PBXBuildFile; fileRef = 17C55A57B8D04DC9A9471AB7 /* CDVDevice.m */; };
		B6FE508D8AC14D14B9727C38 /* CDVAccelerometer.m in Sources */ = {isa = PBXBuildFile; fileRef = 1BEBA8347F854446A9BACCAC /* CDVAccelerometer.m */; };
		BB2C6C5FE58A44F69F4ADCF5 /* CoreMotion.framework in Frameworks */ = {isa = PBXBuildFile; fileRef = F7312FDCBE314FD8A0594CEC /* CoreMotion.framework */; };
		EBB9E1FFDDD940A7882E8E33 /* CDVCompass.m in Sources */ = {isa = PBXBuildFile; fileRef = CE92907A807E4A2BA8CE9CFE /* CDVCompass.m */; };
		E83351979EB44EDFBA852AA6 /* CDVNotification.m in Sources */ = {isa = PBXBuildFile; fileRef = E3E542C54EAA4C12B8956B15 /* CDVNotification.m */; };
		D20956FFC46445528DA16476 /* CDVNotification.bundle in Resources */ = {isa = PBXBuildFile; fileRef = C90C3351D4BC426A80997E6E /* CDVNotification.bundle */; };
		4CDC871C780E44A0A783F68C /* AudioToolbox.framework in Frameworks */ = {isa = PBXBuildFile; fileRef = DA701E6FC9DD412A905F8056 /* AudioToolbox.framework */; settings = {ATTRIBUTES = (Weak, ); }; };
		FED32AD9551D42148A3AF47E /* CDVFile.m in Sources */ = {isa = PBXBuildFile; fileRef = A042A96A6C154AFE9B084288 /* CDVFile.m */; };
		F1F16657D3604866BFD1A95A /* CDVLocalFilesystem.m in Sources */ = {isa = PBXBuildFile; fileRef = BC1256B427CD4FDC8CD46EEB /* CDVLocalFilesystem.m */; };
		EC15BAF764AE4D7884E1D0BC /* CDVAssetLibraryFilesystem.m in Sources */ = {isa = PBXBuildFile; fileRef = D2EB3E75E2CB428290ED64FA /* CDVAssetLibraryFilesystem.m */; };
		DF3ED02A33FA49B0995B60DB /* CDVFileTransfer.m in Sources */ = {isa = PBXBuildFile; fileRef = 4BF96406D25040E7B3572AB4 /* CDVFileTransfer.m */; };
		748A36F9112C43DC9886893F /* CDVLocation.m in Sources */ = {isa = PBXBuildFile; fileRef = D6896071A0F64747A8FF8004 /* CDVLocation.m */; };
		7F9626C80F4E40C1AF8308BD /* CDVGlobalization.m in Sources */ = {isa = PBXBuildFile; fileRef = CFDA4D42580C41E4A37E5FA8 /* CDVGlobalization.m */; };
		2E241AE77E56480981D1D3B7 /* CDVInAppBrowser.m in Sources */ = {isa = PBXBuildFile; fileRef = C63C5E9130D54BE8A2AD91AB /* CDVInAppBrowser.m */; };
		D4551F84E4E94501B2EF97BB /* CDVSound.m in Sources */ = {isa = PBXBuildFile; fileRef = 9F6EA2251CA84DA98633778F /* CDVSound.m */; };
		5111711B211F44E7B85C2057 /* CDVCapture.m in Sources */ = {isa = PBXBuildFile; fileRef = B0D46AD1D4DF4F519B6E3F8D /* CDVCapture.m */; };
		CB6751E4E0F046AF922ACA6E /* CDVCapture.bundle in Resources */ = {isa = PBXBuildFile; fileRef = E48B24435D134478841C0633 /* CDVCapture.bundle */; };
		398A4011ADEB4EE4929B19F2 /* CDVConnection.m in Sources */ = {isa = PBXBuildFile; fileRef = FED2A2F754364238BBCE43AB /* CDVConnection.m */; };
		514A967EC5FE405686F37443 /* CDVReachability.m in Sources */ = {isa = PBXBuildFile; fileRef = B06E60B79109491B920C1BE7 /* CDVReachability.m */; };
		AB7717D96DE2430E8C03EDC1 /* SystemConfiguration.framework in Frameworks */ = {isa = PBXBuildFile; fileRef = 0AF089F5503F447BB0D5F447 /* SystemConfiguration.framework */; settings = {ATTRIBUTES = (Weak, ); }; };
		697DA70B1B96409DA243CDF2 /* CDVSplashScreen.m in Sources */ = {isa = PBXBuildFile; fileRef = 8C66E281B37A489A882B2659 /* CDVSplashScreen.m */; };
		BF15F87C678E4FCFAB658575 /* CDVVibration.m in Sources */ = {isa = PBXBuildFile; fileRef = B0927B5DEED54124A25D7E51 /* CDVVibration.m */; };
/* End PBXBuildFile section */

/* Begin PBXContainerItemProxy section */
		301BF534109A57CC0062928A /* PBXContainerItemProxy */ = {
			isa = PBXContainerItemProxy;
			containerPortal = 301BF52D109A57CC0062928A /* CordovaLib.xcodeproj */;
			proxyType = 2;
			remoteGlobalIDString = D2AAC07E0554694100DB518D;
			remoteInfo = CordovaLib;
		};
		301BF550109A68C00062928A /* PBXContainerItemProxy */ = {
			isa = PBXContainerItemProxy;
			containerPortal = 301BF52D109A57CC0062928A /* CordovaLib.xcodeproj */;
			proxyType = 1;
			remoteGlobalIDString = D2AAC07D0554694100DB518D;
			remoteInfo = CordovaLib;
		};
/* End PBXContainerItemProxy section */

/* Begin PBXFileReference section */
		1D3623240D0F684500981E51 /* AppDelegate.h */ = {isa = PBXFileReference; fileEncoding = 4; lastKnownFileType = sourcecode.c.h; path = AppDelegate.h; sourceTree = "<group>"; };
		1D3623250D0F684500981E51 /* AppDelegate.m */ = {isa = PBXFileReference; fileEncoding = 4; lastKnownFileType = sourcecode.c.objc; path = AppDelegate.m; sourceTree = "<group>"; };
		1D6058910D05DD3D006BFB54 /* Social Putts.app */ = {isa = PBXFileReference; explicitFileType = wrapper.application; includeInIndex = 0; path = "Social Putts.app"; sourceTree = BUILT_PRODUCTS_DIR; };
		1F766FDD13BBADB100FB74C0 /* en */ = {isa = PBXFileReference; lastKnownFileType = text.plist.strings; name = en; path = Localizable.strings; sourceTree = "<group>"; };
		1F766FE013BBADB100FB74C0 /* es */ = {isa = PBXFileReference; lastKnownFileType = text.plist.strings; name = es; path = Localizable.strings; sourceTree = "<group>"; };
		288765FC0DF74451002DB57D /* CoreGraphics.framework */ = {isa = PBXFileReference; lastKnownFileType = wrapper.framework; name = CoreGraphics.framework; path = System/Library/Frameworks/CoreGraphics.framework; sourceTree = SDKROOT; };
		29B97316FDCFA39411CA2CEA /* main.m */ = {isa = PBXFileReference; fileEncoding = 4; lastKnownFileType = sourcecode.c.objc; path = main.m; sourceTree = "<group>"; };
		301BF52D109A57CC0062928A /* CordovaLib.xcodeproj */ = {isa = PBXFileReference; lastKnownFileType = "wrapper.pb-project"; name = CordovaLib.xcodeproj; path = CordovaLib/CordovaLib.xcodeproj; sourceTree = "<group>"; };
		301BF56E109A69640062928A /* www */ = {isa = PBXFileReference; lastKnownFileType = folder; path = www; sourceTree = SOURCE_ROOT; };
		302D95EE14D2391D003F00A1 /* MainViewController.h */ = {isa = PBXFileReference; fileEncoding = 4; lastKnownFileType = sourcecode.c.h; path = MainViewController.h; sourceTree = "<group>"; };
		302D95EF14D2391D003F00A1 /* MainViewController.m */ = {isa = PBXFileReference; fileEncoding = 4; lastKnownFileType = sourcecode.c.objc; path = MainViewController.m; sourceTree = "<group>"; };
		302D95F014D2391D003F00A1 /* MainViewController.xib */ = {isa = PBXFileReference; fileEncoding = 4; lastKnownFileType = file.xib; path = MainViewController.xib; sourceTree = "<group>"; };
		305D5FD0115AB8F900A74A75 /* MobileCoreServices.framework */ = {isa = PBXFileReference; lastKnownFileType = wrapper.framework; name = MobileCoreServices.framework; path = System/Library/Frameworks/MobileCoreServices.framework; sourceTree = SDKROOT; };
		3088BBB7154F3926009F9C59 /* Default-Landscape@2x~ipad.png */ = {isa = PBXFileReference; lastKnownFileType = image.png; path = "Default-Landscape@2x~ipad.png"; sourceTree = "<group>"; };
		3088BBB8154F3926009F9C59 /* Default-Landscape~ipad.png */ = {isa = PBXFileReference; lastKnownFileType = image.png; path = "Default-Landscape~ipad.png"; sourceTree = "<group>"; };
		3088BBB9154F3926009F9C59 /* Default-Portrait@2x~ipad.png */ = {isa = PBXFileReference; lastKnownFileType = image.png; path = "Default-Portrait@2x~ipad.png"; sourceTree = "<group>"; };
		3088BBBA154F3926009F9C59 /* Default-Portrait~ipad.png */ = {isa = PBXFileReference; lastKnownFileType = image.png; path = "Default-Portrait~ipad.png"; sourceTree = "<group>"; };
		3088BBBB154F3926009F9C59 /* Default@2x~iphone.png */ = {isa = PBXFileReference; lastKnownFileType = image.png; path = "Default@2x~iphone.png"; sourceTree = "<group>"; };
		3088BBBC154F3926009F9C59 /* Default~iphone.png */ = {isa = PBXFileReference; lastKnownFileType = image.png; path = "Default~iphone.png"; sourceTree = "<group>"; };
		308D052E1370CCF300D202BF /* icon-72.png */ = {isa = PBXFileReference; lastKnownFileType = image.png; path = "icon-72.png"; sourceTree = "<group>"; };
		308D052F1370CCF300D202BF /* icon.png */ = {isa = PBXFileReference; lastKnownFileType = image.png; path = icon.png; sourceTree = "<group>"; };
		308D05301370CCF300D202BF /* icon@2x.png */ = {isa = PBXFileReference; lastKnownFileType = image.png; path = "icon@2x.png"; sourceTree = "<group>"; };
		30B4F2FD19D5E07200D9F7D8 /* Default-667h.png */ = {isa = PBXFileReference; lastKnownFileType = image.png; path = "Default-667h.png"; sourceTree = "<group>"; };
		30B4F2FE19D5E07200D9F7D8 /* Default-736h.png */ = {isa = PBXFileReference; lastKnownFileType = image.png; path = "Default-736h.png"; sourceTree = "<group>"; };
		30B4F2FF19D5E07200D9F7D8 /* Default-Landscape-736h.png */ = {isa = PBXFileReference; lastKnownFileType = image.png; path = "Default-Landscape-736h.png"; sourceTree = "<group>"; };
		30C1856519D5FC0A00212699 /* icon-60@3x.png */ = {isa = PBXFileReference; lastKnownFileType = image.png; path = "icon-60@3x.png"; sourceTree = "<group>"; };
		30FC414816E50CA1004E6F35 /* icon-72@2x.png */ = {isa = PBXFileReference; lastKnownFileType = image.png; path = "icon-72@2x.png"; sourceTree = "<group>"; };
		32CA4F630368D1EE00C91783 /* Social Putts-Prefix.pch */ = {isa = PBXFileReference; fileEncoding = 4; lastKnownFileType = sourcecode.c.h; path = "Social Putts-Prefix.pch"; sourceTree = "<group>"; };
		5B1594DC16A7569C00FEF299 /* AssetsLibrary.framework */ = {isa = PBXFileReference; lastKnownFileType = wrapper.framework; name = AssetsLibrary.framework; path = System/Library/Frameworks/AssetsLibrary.framework; sourceTree = SDKROOT; };
		7E7966D41810823500FA85AD /* icon-40.png */ = {isa = PBXFileReference; lastKnownFileType = image.png; path = "icon-40.png"; sourceTree = "<group>"; };
		7E7966D51810823500FA85AD /* icon-40@2x.png */ = {isa = PBXFileReference; lastKnownFileType = image.png; path = "icon-40@2x.png"; sourceTree = "<group>"; };
		7E7966D61810823500FA85AD /* icon-50.png */ = {isa = PBXFileReference; lastKnownFileType = image.png; path = "icon-50.png"; sourceTree = "<group>"; };
		7E7966D71810823500FA85AD /* icon-50@2x.png */ = {isa = PBXFileReference; lastKnownFileType = image.png; path = "icon-50@2x.png"; sourceTree = "<group>"; };
		7E7966D81810823500FA85AD /* icon-60.png */ = {isa = PBXFileReference; lastKnownFileType = image.png; path = "icon-60.png"; sourceTree = "<group>"; };
		7E7966D91810823500FA85AD /* icon-60@2x.png */ = {isa = PBXFileReference; lastKnownFileType = image.png; path = "icon-60@2x.png"; sourceTree = "<group>"; };
		7E7966DA1810823500FA85AD /* icon-76.png */ = {isa = PBXFileReference; lastKnownFileType = image.png; path = "icon-76.png"; sourceTree = "<group>"; };
		7E7966DB1810823500FA85AD /* icon-76@2x.png */ = {isa = PBXFileReference; lastKnownFileType = image.png; path = "icon-76@2x.png"; sourceTree = "<group>"; };
		7E7966DC1810823500FA85AD /* icon-small.png */ = {isa = PBXFileReference; lastKnownFileType = image.png; path = "icon-small.png"; sourceTree = "<group>"; };
		7E7966DD1810823500FA85AD /* icon-small@2x.png */ = {isa = PBXFileReference; lastKnownFileType = image.png; path = "icon-small@2x.png"; sourceTree = "<group>"; };
		8D1107310486CEB800E47090 /* Social Putts-Info.plist */ = {isa = PBXFileReference; fileEncoding = 4; lastKnownFileType = text.plist.xml; name = "Social Putts-Info.plist"; path = "../Social Putts-Info.plist"; plistStructureDefinitionIdentifier = "com.apple.xcode.plist.structure-definition.iphone.info-plist"; sourceTree = "<group>"; };
		D4A0D8751607E02300AEF8BB /* Default-568h@2x~iphone.png */ = {isa = PBXFileReference; lastKnownFileType = image.png; path = "Default-568h@2x~iphone.png"; sourceTree = "<group>"; };
		EB87FDF21871DA7A0020F90C /* merges */ = {isa = PBXFileReference; lastKnownFileType = folder; name = merges; path = ../../merges; sourceTree = "<group>"; };
		EB87FDF31871DA8E0020F90C /* www */ = {isa = PBXFileReference; lastKnownFileType = folder; name = www; path = ../../www; sourceTree = "<group>"; };
		EB87FDF41871DAF40020F90C /* config.xml */ = {isa = PBXFileReference; lastKnownFileType = text.xml; name = config.xml; path = ../../config.xml; sourceTree = "<group>"; };
		F840E1F0165FE0F500CFE078 /* config.xml */ = {isa = PBXFileReference; lastKnownFileType = text.xml; name = config.xml; path = "Social Putts/config.xml"; sourceTree = "<group>"; };
		04A0D35D58814822A7CE59B9 /* FacebookConnectPlugin.m */ = {isa = PBXFileReference; lastKnownFileType = sourcecode.c.objc; name = "FacebookConnectPlugin.m"; path = "com.phonegap.plugins.facebookconnect/FacebookConnectPlugin.m"; sourceTree = "<group>"; fileEncoding = 4; };
		D620FA6A13C742F08752E6E5 /* FacebookConnectPlugin.h */ = {isa = PBXFileReference; lastKnownFileType = sourcecode.c.h; name = "FacebookConnectPlugin.h"; path = "com.phonegap.plugins.facebookconnect/FacebookConnectPlugin.h"; sourceTree = "<group>"; fileEncoding = 4; };
		95BD337926BB4ADF856ED2BD /* FacebookSDK.framework */ = {isa = PBXFileReference; lastKnownFileType = wrapper.framework; name = "FacebookSDK.framework"; path = "Social Putts/Plugins/com.phonegap.plugins.facebookconnect/FacebookSDK.framework"; sourceTree = "<group>"; };
		3C555A9E5E334AC3AE4323E2 /* libsqlite3.dylib */ = {isa = PBXFileReference; lastKnownFileType = "compiled.mach-o.dylib"; name = "libsqlite3.dylib"; path = "usr/lib/libsqlite3.dylib"; sourceTree = SDKROOT; fileEncoding = 4; };
		7BC14EF3D2A34D61B8BE597D /* Social.framework */ = {isa = PBXFileReference; lastKnownFileType = wrapper.framework; name = "Social.framework"; path = "System/Library/Frameworks/Social.framework"; sourceTree = SDKROOT; fileEncoding = 4; };
		1E412152BFB5462B941EB77D /* Accounts.framework */ = {isa = PBXFileReference; lastKnownFileType = wrapper.framework; name = "Accounts.framework"; path = "System/Library/Frameworks/Accounts.framework"; sourceTree = SDKROOT; fileEncoding = 4; };
		86E59969856C40A4B3E2939C /* Security.framework */ = {isa = PBXFileReference; lastKnownFileType = wrapper.framework; name = "Security.framework"; path = "System/Library/Frameworks/Security.framework"; sourceTree = SDKROOT; fileEncoding = 4; };
		66A3C9927E8E4C61BD8EFCAC /* CDVBattery.m */ = {isa = PBXFileReference; lastKnownFileType = sourcecode.c.objc; name = "CDVBattery.m"; path = "org.apache.cordova.battery-status/CDVBattery.m"; sourceTree = "<group>"; fileEncoding = 4; };
		00E81652CCAE41F4BBB95398 /* CDVBattery.h */ = {isa = PBXFileReference; lastKnownFileType = sourcecode.c.h; name = "CDVBattery.h"; path = "org.apache.cordova.battery-status/CDVBattery.h"; sourceTree = "<group>"; fileEncoding = 4; };
		EE56AFE7AEAA4B09B58A7AAF /* UIImage+CropScaleOrientation.m */ = {isa = PBXFileReference; lastKnownFileType = sourcecode.c.objc; name = "UIImage+CropScaleOrientation.m"; path = "org.apache.cordova.camera/UIImage+CropScaleOrientation.m"; sourceTree = "<group>"; fileEncoding = 4; };
		B7BCB4644537424EAA6BF9D6 /* CDVCamera.m */ = {isa = PBXFileReference; lastKnownFileType = sourcecode.c.objc; name = "CDVCamera.m"; path = "org.apache.cordova.camera/CDVCamera.m"; sourceTree = "<group>"; fileEncoding = 4; };
		0711E030ED25435F9FD41438 /* CDVJpegHeaderWriter.m */ = {isa = PBXFileReference; lastKnownFileType = sourcecode.c.objc; name = "CDVJpegHeaderWriter.m"; path = "org.apache.cordova.camera/CDVJpegHeaderWriter.m"; sourceTree = "<group>"; fileEncoding = 4; };
		E4319176B59C4729BE795795 /* UIImage+CropScaleOrientation.h */ = {isa = PBXFileReference; lastKnownFileType = sourcecode.c.h; name = "UIImage+CropScaleOrientation.h"; path = "org.apache.cordova.camera/UIImage+CropScaleOrientation.h"; sourceTree = "<group>"; fileEncoding = 4; };
		320286D77A9F499A82921770 /* CDVCamera.h */ = {isa = PBXFileReference; lastKnownFileType = sourcecode.c.h; name = "CDVCamera.h"; path = "org.apache.cordova.camera/CDVCamera.h"; sourceTree = "<group>"; fileEncoding = 4; };
		631C3A2A708A43C594C0071D /* CDVJpegHeaderWriter.h */ = {isa = PBXFileReference; lastKnownFileType = sourcecode.c.h; name = "CDVJpegHeaderWriter.h"; path = "org.apache.cordova.camera/CDVJpegHeaderWriter.h"; sourceTree = "<group>"; fileEncoding = 4; };
		87529646E0CF4262A66BABEF /* CDVExif.h */ = {isa = PBXFileReference; lastKnownFileType = sourcecode.c.h; name = "CDVExif.h"; path = "org.apache.cordova.camera/CDVExif.h"; sourceTree = "<group>"; fileEncoding = 4; };
		0EBC65A2340944C3A8BAEF82 /* ImageIO.framework */ = {isa = PBXFileReference; lastKnownFileType = wrapper.framework; name = "ImageIO.framework"; path = "System/Library/Frameworks/ImageIO.framework"; sourceTree = SDKROOT; fileEncoding = 4; };
		30B6DC3A754E47F6B0E4CEE8 /* CoreLocation.framework */ = {isa = PBXFileReference; lastKnownFileType = wrapper.framework; name = "CoreLocation.framework"; path = "System/Library/Frameworks/CoreLocation.framework"; sourceTree = SDKROOT; fileEncoding = 4; };
		553D5FC8DA0A41F392BA303C /* CDVLogger.m */ = {isa = PBXFileReference; lastKnownFileType = sourcecode.c.objc; name = "CDVLogger.m"; path = "org.apache.cordova.console/CDVLogger.m"; sourceTree = "<group>"; fileEncoding = 4; };
		E5507439E442466C874015CB /* CDVLogger.h */ = {isa = PBXFileReference; lastKnownFileType = sourcecode.c.h; name = "CDVLogger.h"; path = "org.apache.cordova.console/CDVLogger.h"; sourceTree = "<group>"; fileEncoding = 4; };
		F68A7F5186384778B32E90B3 /* CDVContacts.m */ = {isa = PBXFileReference; lastKnownFileType = sourcecode.c.objc; name = "CDVContacts.m"; path = "org.apache.cordova.contacts/CDVContacts.m"; sourceTree = "<group>"; fileEncoding = 4; };
		0524AC498944404F87372248 /* CDVContact.m */ = {isa = PBXFileReference; lastKnownFileType = sourcecode.c.objc; name = "CDVContact.m"; path = "org.apache.cordova.contacts/CDVContact.m"; sourceTree = "<group>"; fileEncoding = 4; };
		3ED7AF17A2D943F6BC52B7A0 /* CDVContacts.h */ = {isa = PBXFileReference; lastKnownFileType = sourcecode.c.h; name = "CDVContacts.h"; path = "org.apache.cordova.contacts/CDVContacts.h"; sourceTree = "<group>"; fileEncoding = 4; };
		AD2D299F0E4B41D88105A316 /* CDVContact.h */ = {isa = PBXFileReference; lastKnownFileType = sourcecode.c.h; name = "CDVContact.h"; path = "org.apache.cordova.contacts/CDVContact.h"; sourceTree = "<group>"; fileEncoding = 4; };
		E5FF6EF65F1A438DA53A5A41 /* AddressBook.framework */ = {isa = PBXFileReference; lastKnownFileType = wrapper.framework; name = "AddressBook.framework"; path = "System/Library/Frameworks/AddressBook.framework"; sourceTree = SDKROOT; fileEncoding = 4; };
		E7BE61332C4543E2B7DF857B /* AddressBookUI.framework */ = {isa = PBXFileReference; lastKnownFileType = wrapper.framework; name = "AddressBookUI.framework"; path = "System/Library/Frameworks/AddressBookUI.framework"; sourceTree = SDKROOT; fileEncoding = 4; };
		17C55A57B8D04DC9A9471AB7 /* CDVDevice.m */ = {isa = PBXFileReference; lastKnownFileType = sourcecode.c.objc; name = "CDVDevice.m"; path = "org.apache.cordova.device/CDVDevice.m"; sourceTree = "<group>"; fileEncoding = 4; };
		D53855DC601B4D93AD4D4AF8 /* CDVDevice.h */ = {isa = PBXFileReference; lastKnownFileType = sourcecode.c.h; name = "CDVDevice.h"; path = "org.apache.cordova.device/CDVDevice.h"; sourceTree = "<group>"; fileEncoding = 4; };
		1BEBA8347F854446A9BACCAC /* CDVAccelerometer.m */ = {isa = PBXFileReference; lastKnownFileType = sourcecode.c.objc; name = "CDVAccelerometer.m"; path = "org.apache.cordova.device-motion/CDVAccelerometer.m"; sourceTree = "<group>"; fileEncoding = 4; };
		3A0100CDE9364F52B69ACEAB /* CDVAccelerometer.h */ = {isa = PBXFileReference; lastKnownFileType = sourcecode.c.h; name = "CDVAccelerometer.h"; path = "org.apache.cordova.device-motion/CDVAccelerometer.h"; sourceTree = "<group>"; fileEncoding = 4; };
		F7312FDCBE314FD8A0594CEC /* CoreMotion.framework */ = {isa = PBXFileReference; lastKnownFileType = wrapper.framework; name = "CoreMotion.framework"; path = "System/Library/Frameworks/CoreMotion.framework"; sourceTree = SDKROOT; fileEncoding = 4; };
		CE92907A807E4A2BA8CE9CFE /* CDVCompass.m */ = {isa = PBXFileReference; lastKnownFileType = sourcecode.c.objc; name = "CDVCompass.m"; path = "org.apache.cordova.device-orientation/CDVCompass.m"; sourceTree = "<group>"; fileEncoding = 4; };
		532817F07B8C4CD09C5EC921 /* CDVCompass.h */ = {isa = PBXFileReference; lastKnownFileType = sourcecode.c.h; name = "CDVCompass.h"; path = "org.apache.cordova.device-orientation/CDVCompass.h"; sourceTree = "<group>"; fileEncoding = 4; };
		E3E542C54EAA4C12B8956B15 /* CDVNotification.m */ = {isa = PBXFileReference; lastKnownFileType = sourcecode.c.objc; name = "CDVNotification.m"; path = "org.apache.cordova.dialogs/CDVNotification.m"; sourceTree = "<group>"; fileEncoding = 4; };
		3F1440268091408EA29E2B11 /* CDVNotification.h */ = {isa = PBXFileReference; lastKnownFileType = sourcecode.c.h; name = "CDVNotification.h"; path = "org.apache.cordova.dialogs/CDVNotification.h"; sourceTree = "<group>"; fileEncoding = 4; };
		C90C3351D4BC426A80997E6E /* CDVNotification.bundle */ = {isa = PBXFileReference; lastKnownFileType = "wrapper.plug-in"; name = "CDVNotification.bundle"; path = "CDVNotification.bundle"; sourceTree = "<group>"; };
		DA701E6FC9DD412A905F8056 /* AudioToolbox.framework */ = {isa = PBXFileReference; lastKnownFileType = wrapper.framework; name = "AudioToolbox.framework"; path = "System/Library/Frameworks/AudioToolbox.framework"; sourceTree = SDKROOT; fileEncoding = 4; };
		A042A96A6C154AFE9B084288 /* CDVFile.m */ = {isa = PBXFileReference; lastKnownFileType = sourcecode.c.objc; name = "CDVFile.m"; path = "org.apache.cordova.file/CDVFile.m"; sourceTree = "<group>"; fileEncoding = 4; };
		BC1256B427CD4FDC8CD46EEB /* CDVLocalFilesystem.m */ = {isa = PBXFileReference; lastKnownFileType = sourcecode.c.objc; name = "CDVLocalFilesystem.m"; path = "org.apache.cordova.file/CDVLocalFilesystem.m"; sourceTree = "<group>"; fileEncoding = 4; };
		D2EB3E75E2CB428290ED64FA /* CDVAssetLibraryFilesystem.m */ = {isa = PBXFileReference; lastKnownFileType = sourcecode.c.objc; name = "CDVAssetLibraryFilesystem.m"; path = "org.apache.cordova.file/CDVAssetLibraryFilesystem.m"; sourceTree = "<group>"; fileEncoding = 4; };
		64250FA5E3FE427F9F34B435 /* CDVFile.h */ = {isa = PBXFileReference; lastKnownFileType = sourcecode.c.h; name = "CDVFile.h"; path = "org.apache.cordova.file/CDVFile.h"; sourceTree = "<group>"; fileEncoding = 4; };
		95BD1DCF9B8A4E6D8D8CAD59 /* CDVLocalFilesystem.h */ = {isa = PBXFileReference; lastKnownFileType = sourcecode.c.h; name = "CDVLocalFilesystem.h"; path = "org.apache.cordova.file/CDVLocalFilesystem.h"; sourceTree = "<group>"; fileEncoding = 4; };
		6FBC3C7475CA47A6B9D445EC /* CDVAssetLibraryFilesystem.h */ = {isa = PBXFileReference; lastKnownFileType = sourcecode.c.h; name = "CDVAssetLibraryFilesystem.h"; path = "org.apache.cordova.file/CDVAssetLibraryFilesystem.h"; sourceTree = "<group>"; fileEncoding = 4; };
		4BF96406D25040E7B3572AB4 /* CDVFileTransfer.m */ = {isa = PBXFileReference; lastKnownFileType = sourcecode.c.objc; name = "CDVFileTransfer.m"; path = "org.apache.cordova.file-transfer/CDVFileTransfer.m"; sourceTree = "<group>"; fileEncoding = 4; };
		DEC8C1B46DDE43E2A0BEC6C8 /* CDVFileTransfer.h */ = {isa = PBXFileReference; lastKnownFileType = sourcecode.c.h; name = "CDVFileTransfer.h"; path = "org.apache.cordova.file-transfer/CDVFileTransfer.h"; sourceTree = "<group>"; fileEncoding = 4; };
		D6896071A0F64747A8FF8004 /* CDVLocation.m */ = {isa = PBXFileReference; lastKnownFileType = sourcecode.c.objc; name = "CDVLocation.m"; path = "org.apache.cordova.geolocation/CDVLocation.m"; sourceTree = "<group>"; fileEncoding = 4; };
		D2A72F664DB5431F979CE177 /* CDVLocation.h */ = {isa = PBXFileReference; lastKnownFileType = sourcecode.c.h; name = "CDVLocation.h"; path = "org.apache.cordova.geolocation/CDVLocation.h"; sourceTree = "<group>"; fileEncoding = 4; };
		CFDA4D42580C41E4A37E5FA8 /* CDVGlobalization.m */ = {isa = PBXFileReference; lastKnownFileType = sourcecode.c.objc; name = "CDVGlobalization.m"; path = "org.apache.cordova.globalization/CDVGlobalization.m"; sourceTree = "<group>"; fileEncoding = 4; };
		1251C7B34DDC4FF4A68E028E /* CDVGlobalization.h */ = {isa = PBXFileReference; lastKnownFileType = sourcecode.c.h; name = "CDVGlobalization.h"; path = "org.apache.cordova.globalization/CDVGlobalization.h"; sourceTree = "<group>"; fileEncoding = 4; };
		C63C5E9130D54BE8A2AD91AB /* CDVInAppBrowser.m */ = {isa = PBXFileReference; lastKnownFileType = sourcecode.c.objc; name = "CDVInAppBrowser.m"; path = "org.apache.cordova.inappbrowser/CDVInAppBrowser.m"; sourceTree = "<group>"; fileEncoding = 4; };
		25E249B5195246D1831CFF16 /* CDVInAppBrowser.h */ = {isa = PBXFileReference; lastKnownFileType = sourcecode.c.h; name = "CDVInAppBrowser.h"; path = "org.apache.cordova.inappbrowser/CDVInAppBrowser.h"; sourceTree = "<group>"; fileEncoding = 4; };
		9F6EA2251CA84DA98633778F /* CDVSound.m */ = {isa = PBXFileReference; lastKnownFileType = sourcecode.c.objc; name = "CDVSound.m"; path = "org.apache.cordova.media/CDVSound.m"; sourceTree = "<group>"; fileEncoding = 4; };
		A4B3547EAE1A492582C9FABE /* CDVSound.h */ = {isa = PBXFileReference; lastKnownFileType = sourcecode.c.h; name = "CDVSound.h"; path = "org.apache.cordova.media/CDVSound.h"; sourceTree = "<group>"; fileEncoding = 4; };
		B0D46AD1D4DF4F519B6E3F8D /* CDVCapture.m */ = {isa = PBXFileReference; lastKnownFileType = sourcecode.c.objc; name = "CDVCapture.m"; path = "org.apache.cordova.media-capture/CDVCapture.m"; sourceTree = "<group>"; fileEncoding = 4; };
		D3B2E8D5DC15462DBFD76FD7 /* CDVCapture.h */ = {isa = PBXFileReference; lastKnownFileType = sourcecode.c.h; name = "CDVCapture.h"; path = "org.apache.cordova.media-capture/CDVCapture.h"; sourceTree = "<group>"; fileEncoding = 4; };
		E48B24435D134478841C0633 /* CDVCapture.bundle */ = {isa = PBXFileReference; lastKnownFileType = "wrapper.plug-in"; name = "CDVCapture.bundle"; path = "CDVCapture.bundle"; sourceTree = "<group>"; };
		FED2A2F754364238BBCE43AB /* CDVConnection.m */ = {isa = PBXFileReference; lastKnownFileType = sourcecode.c.objc; name = "CDVConnection.m"; path = "org.apache.cordova.network-information/CDVConnection.m"; sourceTree = "<group>"; fileEncoding = 4; };
		B06E60B79109491B920C1BE7 /* CDVReachability.m */ = {isa = PBXFileReference; lastKnownFileType = sourcecode.c.objc; name = "CDVReachability.m"; path = "org.apache.cordova.network-information/CDVReachability.m"; sourceTree = "<group>"; fileEncoding = 4; };
		6DB0126A491E4FBBBA167CEE /* CDVConnection.h */ = {isa = PBXFileReference; lastKnownFileType = sourcecode.c.h; name = "CDVConnection.h"; path = "org.apache.cordova.network-information/CDVConnection.h"; sourceTree = "<group>"; fileEncoding = 4; };
		8E40A91D82604E9AA033B617 /* CDVReachability.h */ = {isa = PBXFileReference; lastKnownFileType = sourcecode.c.h; name = "CDVReachability.h"; path = "org.apache.cordova.network-information/CDVReachability.h"; sourceTree = "<group>"; fileEncoding = 4; };
		0AF089F5503F447BB0D5F447 /* SystemConfiguration.framework */ = {isa = PBXFileReference; lastKnownFileType = wrapper.framework; name = "SystemConfiguration.framework"; path = "System/Library/Frameworks/SystemConfiguration.framework"; sourceTree = SDKROOT; fileEncoding = 4; };
		8C66E281B37A489A882B2659 /* CDVSplashScreen.m */ = {isa = PBXFileReference; lastKnownFileType = sourcecode.c.objc; name = "CDVSplashScreen.m"; path = "org.apache.cordova.splashscreen/CDVSplashScreen.m"; sourceTree = "<group>"; fileEncoding = 4; };
		F57FD577A45D4D2DA147B1EC /* CDVSplashScreen.h */ = {isa = PBXFileReference; lastKnownFileType = sourcecode.c.h; name = "CDVSplashScreen.h"; path = "org.apache.cordova.splashscreen/CDVSplashScreen.h"; sourceTree = "<group>"; fileEncoding = 4; };
		B0927B5DEED54124A25D7E51 /* CDVVibration.m */ = {isa = PBXFileReference; lastKnownFileType = sourcecode.c.objc; name = "CDVVibration.m"; path = "org.apache.cordova.vibration/CDVVibration.m"; sourceTree = "<group>"; fileEncoding = 4; };
		001F3A8E0A2D4697A3CAA394 /* CDVVibration.h */ = {isa = PBXFileReference; lastKnownFileType = sourcecode.c.h; name = "CDVVibration.h"; path = "org.apache.cordova.vibration/CDVVibration.h"; sourceTree = "<group>"; fileEncoding = 4; };
/* End PBXFileReference section */

/* Begin PBXFrameworksBuildPhase section */
		1D60588F0D05DD3D006BFB54 /* Frameworks */ = {
			isa = PBXFrameworksBuildPhase;
			buildActionMask = 2147483647;
			files = (
				5B1594DD16A7569C00FEF299 /* AssetsLibrary.framework in Frameworks */,
				301BF552109A68D80062928A /* libCordova.a in Frameworks */,
				288765FD0DF74451002DB57D /* CoreGraphics.framework in Frameworks */,
				305D5FD1115AB8F900A74A75 /* MobileCoreServices.framework in Frameworks */,
				E1DA91A7CA8849DFB0D19A9B /* FacebookSDK.framework in Frameworks */,
				D37B9F0ECE934CF5B8AE94E5 /* libsqlite3.dylib in Frameworks */,
				8DA933B122354A71A4C35BC1 /* Social.framework in Frameworks */,
				3D028274B15B42EB9F1F9026 /* Accounts.framework in Frameworks */,
				AE4DBBA114614D5C911DCE62 /* Security.framework in Frameworks */,
				25A4F049533844178A4B9A2D /* ImageIO.framework in Frameworks */,
				902B9CBFF2CD4F1FB8049072 /* CoreLocation.framework in Frameworks */,
				ACF1FC1DA9DC4E02895C5838 /* AddressBook.framework in Frameworks */,
				52864AD0121B427493B8A7CD /* AddressBookUI.framework in Frameworks */,
				BB2C6C5FE58A44F69F4ADCF5 /* CoreMotion.framework in Frameworks */,
				4CDC871C780E44A0A783F68C /* AudioToolbox.framework in Frameworks */,
				AB7717D96DE2430E8C03EDC1 /* SystemConfiguration.framework in Frameworks */,
			);
			runOnlyForDeploymentPostprocessing = 0;
		};
/* End PBXFrameworksBuildPhase section */

/* Begin PBXGroup section */
		080E96DDFE201D6D7F000001 /* Classes */ = {
			isa = PBXGroup;
			children = (
				302D95EE14D2391D003F00A1 /* MainViewController.h */,
				302D95EF14D2391D003F00A1 /* MainViewController.m */,
				302D95F014D2391D003F00A1 /* MainViewController.xib */,
				1D3623240D0F684500981E51 /* AppDelegate.h */,
				1D3623250D0F684500981E51 /* AppDelegate.m */,
			);
			name = Classes;
			path = "Social Putts/Classes";
			sourceTree = SOURCE_ROOT;
		};
		19C28FACFE9D520D11CA2CBB /* Products */ = {
			isa = PBXGroup;
			children = (
				1D6058910D05DD3D006BFB54 /* Social Putts.app */,
			);
			name = Products;
			sourceTree = "<group>";
		};
		29B97314FDCFA39411CA2CEA /* CustomTemplate */ = {
			isa = PBXGroup;
			children = (
				EB87FDF41871DAF40020F90C /* config.xml */,
				EB87FDF31871DA8E0020F90C /* www */,
				EB87FDF21871DA7A0020F90C /* merges */,
				EB87FDF11871DA420020F90C /* Staging */,
				301BF52D109A57CC0062928A /* CordovaLib.xcodeproj */,
				080E96DDFE201D6D7F000001 /* Classes */,
				307C750510C5A3420062BCA9 /* Plugins */,
				29B97315FDCFA39411CA2CEA /* Other Sources */,
				29B97317FDCFA39411CA2CEA /* Resources */,
				29B97323FDCFA39411CA2CEA /* Frameworks */,
				19C28FACFE9D520D11CA2CBB /* Products */,
			);
			name = CustomTemplate;
			sourceTree = "<group>";
		};
		29B97315FDCFA39411CA2CEA /* Other Sources */ = {
			isa = PBXGroup;
			children = (
				32CA4F630368D1EE00C91783 /* Social Putts-Prefix.pch */,
				29B97316FDCFA39411CA2CEA /* main.m */,
			);
			name = "Other Sources";
			path = "Social Putts";
			sourceTree = "<group>";
		};
		29B97317FDCFA39411CA2CEA /* Resources */ = {
			isa = PBXGroup;
			children = (
				308D052D1370CCF300D202BF /* icons */,
				308D05311370CCF300D202BF /* splash */,
				8D1107310486CEB800E47090 /* Social Putts-Info.plist */,
				C90C3351D4BC426A80997E6E /* CDVNotification.bundle */,
				E48B24435D134478841C0633 /* CDVCapture.bundle */,
			);
			name = Resources;
			path = "Social Putts/Resources";
			sourceTree = "<group>";
		};
		29B97323FDCFA39411CA2CEA /* Frameworks */ = {
			isa = PBXGroup;
			children = (
				5B1594DC16A7569C00FEF299 /* AssetsLibrary.framework */,
				288765FC0DF74451002DB57D /* CoreGraphics.framework */,
				305D5FD0115AB8F900A74A75 /* MobileCoreServices.framework */,
				95BD337926BB4ADF856ED2BD /* FacebookSDK.framework */,
				3C555A9E5E334AC3AE4323E2 /* libsqlite3.dylib */,
				7BC14EF3D2A34D61B8BE597D /* Social.framework */,
				1E412152BFB5462B941EB77D /* Accounts.framework */,
				86E59969856C40A4B3E2939C /* Security.framework */,
				0EBC65A2340944C3A8BAEF82 /* ImageIO.framework */,
				30B6DC3A754E47F6B0E4CEE8 /* CoreLocation.framework */,
				E5FF6EF65F1A438DA53A5A41 /* AddressBook.framework */,
				E7BE61332C4543E2B7DF857B /* AddressBookUI.framework */,
				F7312FDCBE314FD8A0594CEC /* CoreMotion.framework */,
				DA701E6FC9DD412A905F8056 /* AudioToolbox.framework */,
				0AF089F5503F447BB0D5F447 /* SystemConfiguration.framework */,
			);
			name = Frameworks;
			sourceTree = "<group>";
		};
		301BF52E109A57CC0062928A /* Products */ = {
			isa = PBXGroup;
			children = (
				301BF535109A57CC0062928A /* libCordova.a */,
			);
			name = Products;
			sourceTree = "<group>";
		};
		307C750510C5A3420062BCA9 /* Plugins */ = {
			isa = PBXGroup;
			children = (
				04A0D35D58814822A7CE59B9 /* FacebookConnectPlugin.m */,
				D620FA6A13C742F08752E6E5 /* FacebookConnectPlugin.h */,
				66A3C9927E8E4C61BD8EFCAC /* CDVBattery.m */,
				00E81652CCAE41F4BBB95398 /* CDVBattery.h */,
				EE56AFE7AEAA4B09B58A7AAF /* UIImage+CropScaleOrientation.m */,
				B7BCB4644537424EAA6BF9D6 /* CDVCamera.m */,
				0711E030ED25435F9FD41438 /* CDVJpegHeaderWriter.m */,
				E4319176B59C4729BE795795 /* UIImage+CropScaleOrientation.h */,
				320286D77A9F499A82921770 /* CDVCamera.h */,
				631C3A2A708A43C594C0071D /* CDVJpegHeaderWriter.h */,
				87529646E0CF4262A66BABEF /* CDVExif.h */,
				553D5FC8DA0A41F392BA303C /* CDVLogger.m */,
				E5507439E442466C874015CB /* CDVLogger.h */,
				F68A7F5186384778B32E90B3 /* CDVContacts.m */,
				0524AC498944404F87372248 /* CDVContact.m */,
				3ED7AF17A2D943F6BC52B7A0 /* CDVContacts.h */,
				AD2D299F0E4B41D88105A316 /* CDVContact.h */,
				17C55A57B8D04DC9A9471AB7 /* CDVDevice.m */,
				D53855DC601B4D93AD4D4AF8 /* CDVDevice.h */,
				1BEBA8347F854446A9BACCAC /* CDVAccelerometer.m */,
				3A0100CDE9364F52B69ACEAB /* CDVAccelerometer.h */,
				CE92907A807E4A2BA8CE9CFE /* CDVCompass.m */,
				532817F07B8C4CD09C5EC921 /* CDVCompass.h */,
				E3E542C54EAA4C12B8956B15 /* CDVNotification.m */,
				3F1440268091408EA29E2B11 /* CDVNotification.h */,
				A042A96A6C154AFE9B084288 /* CDVFile.m */,
				BC1256B427CD4FDC8CD46EEB /* CDVLocalFilesystem.m */,
				D2EB3E75E2CB428290ED64FA /* CDVAssetLibraryFilesystem.m */,
				64250FA5E3FE427F9F34B435 /* CDVFile.h */,
				95BD1DCF9B8A4E6D8D8CAD59 /* CDVLocalFilesystem.h */,
				6FBC3C7475CA47A6B9D445EC /* CDVAssetLibraryFilesystem.h */,
				4BF96406D25040E7B3572AB4 /* CDVFileTransfer.m */,
				DEC8C1B46DDE43E2A0BEC6C8 /* CDVFileTransfer.h */,
				D6896071A0F64747A8FF8004 /* CDVLocation.m */,
				D2A72F664DB5431F979CE177 /* CDVLocation.h */,
				CFDA4D42580C41E4A37E5FA8 /* CDVGlobalization.m */,
				1251C7B34DDC4FF4A68E028E /* CDVGlobalization.h */,
				C63C5E9130D54BE8A2AD91AB /* CDVInAppBrowser.m */,
				25E249B5195246D1831CFF16 /* CDVInAppBrowser.h */,
				9F6EA2251CA84DA98633778F /* CDVSound.m */,
				A4B3547EAE1A492582C9FABE /* CDVSound.h */,
				B0D46AD1D4DF4F519B6E3F8D /* CDVCapture.m */,
				D3B2E8D5DC15462DBFD76FD7 /* CDVCapture.h */,
				FED2A2F754364238BBCE43AB /* CDVConnection.m */,
				B06E60B79109491B920C1BE7 /* CDVReachability.m */,
				6DB0126A491E4FBBBA167CEE /* CDVConnection.h */,
				8E40A91D82604E9AA033B617 /* CDVReachability.h */,
				8C66E281B37A489A882B2659 /* CDVSplashScreen.m */,
				F57FD577A45D4D2DA147B1EC /* CDVSplashScreen.h */,
				B0927B5DEED54124A25D7E51 /* CDVVibration.m */,
				001F3A8E0A2D4697A3CAA394 /* CDVVibration.h */,
			);
			name = Plugins;
			path = "Social Putts/Plugins";
			sourceTree = SOURCE_ROOT;
		};
		308D052D1370CCF300D202BF /* icons */ = {
			isa = PBXGroup;
			children = (
				30C1856519D5FC0A00212699 /* icon-60@3x.png */,
				7E7966D41810823500FA85AD /* icon-40.png */,
				7E7966D51810823500FA85AD /* icon-40@2x.png */,
				7E7966D61810823500FA85AD /* icon-50.png */,
				7E7966D71810823500FA85AD /* icon-50@2x.png */,
				7E7966D81810823500FA85AD /* icon-60.png */,
				7E7966D91810823500FA85AD /* icon-60@2x.png */,
				7E7966DA1810823500FA85AD /* icon-76.png */,
				7E7966DB1810823500FA85AD /* icon-76@2x.png */,
				7E7966DC1810823500FA85AD /* icon-small.png */,
				7E7966DD1810823500FA85AD /* icon-small@2x.png */,
				30FC414816E50CA1004E6F35 /* icon-72@2x.png */,
				308D052E1370CCF300D202BF /* icon-72.png */,
				308D052F1370CCF300D202BF /* icon.png */,
				308D05301370CCF300D202BF /* icon@2x.png */,
			);
			path = icons;
			sourceTree = "<group>";
		};
		308D05311370CCF300D202BF /* splash */ = {
			isa = PBXGroup;
			children = (
				30B4F2FD19D5E07200D9F7D8 /* Default-667h.png */,
				30B4F2FE19D5E07200D9F7D8 /* Default-736h.png */,
				30B4F2FF19D5E07200D9F7D8 /* Default-Landscape-736h.png */,
				D4A0D8751607E02300AEF8BB /* Default-568h@2x~iphone.png */,
				3088BBB7154F3926009F9C59 /* Default-Landscape@2x~ipad.png */,
				3088BBB8154F3926009F9C59 /* Default-Landscape~ipad.png */,
				3088BBB9154F3926009F9C59 /* Default-Portrait@2x~ipad.png */,
				3088BBBA154F3926009F9C59 /* Default-Portrait~ipad.png */,
				3088BBBB154F3926009F9C59 /* Default@2x~iphone.png */,
				3088BBBC154F3926009F9C59 /* Default~iphone.png */,
			);
			path = splash;
			sourceTree = "<group>";
		};
		EB87FDF11871DA420020F90C /* Staging */ = {
			isa = PBXGroup;
			children = (
				F840E1F0165FE0F500CFE078 /* config.xml */,
				301BF56E109A69640062928A /* www */,
			);
			name = Staging;
			sourceTree = "<group>";
		};
/* End PBXGroup section */

/* Begin PBXNativeTarget section */
		1D6058900D05DD3D006BFB54 /* Social Putts */ = {
			isa = PBXNativeTarget;
			buildConfigurationList = 1D6058960D05DD3E006BFB54 /* Build configuration list for PBXNativeTarget "Social Putts" */;
			buildPhases = (
				304B58A110DAC018002A0835 /* Copy www directory */,
				1D60588D0D05DD3D006BFB54 /* Resources */,
				1D60588E0D05DD3D006BFB54 /* Sources */,
				1D60588F0D05DD3D006BFB54 /* Frameworks */,
			);
			buildRules = (
			);
			dependencies = (
				301BF551109A68C00062928A /* PBXTargetDependency */,
			);
			name = "Social Putts";
			productName = "Social Putts";
			productReference = 1D6058910D05DD3D006BFB54 /* Social Putts.app */;
			productType = "com.apple.product-type.application";
		};
/* End PBXNativeTarget section */

/* Begin PBXProject section */
		29B97313FDCFA39411CA2CEA /* Project object */ = {
			isa = PBXProject;
			attributes = {
				LastUpgradeCheck = 510;
			};
			buildConfigurationList = C01FCF4E08A954540054247B /* Build configuration list for PBXProject "__CLI__" */;
			compatibilityVersion = "Xcode 3.2";
			developmentRegion = English;
			hasScannedForEncodings = 1;
			knownRegions = (
				English,
				Japanese,
				French,
				German,
				en,
				es,
				de,
				se,
			);
			mainGroup = 29B97314FDCFA39411CA2CEA /* CustomTemplate */;
			projectDirPath = "";
			projectReferences = (
				{
					ProductGroup = 301BF52E109A57CC0062928A /* Products */;
					ProjectRef = 301BF52D109A57CC0062928A /* CordovaLib.xcodeproj */;
				},
			);
			projectRoot = "";
			targets = (
				1D6058900D05DD3D006BFB54 /* Social Putts */,
			);
		};
/* End PBXProject section */

/* Begin PBXReferenceProxy section */
		301BF535109A57CC0062928A /* libCordova.a */ = {
			isa = PBXReferenceProxy;
			fileType = archive.ar;
			path = libCordova.a;
			remoteRef = 301BF534109A57CC0062928A /* PBXContainerItemProxy */;
			sourceTree = BUILT_PRODUCTS_DIR;
		};
/* End PBXReferenceProxy section */

/* Begin PBXResourcesBuildPhase section */
		1D60588D0D05DD3D006BFB54 /* Resources */ = {
			isa = PBXResourcesBuildPhase;
			buildActionMask = 2147483647;
			files = (
				7E7966E41810823500FA85AD /* icon-76.png in Resources */,
				7E7966DF1810823500FA85AD /* icon-40@2x.png in Resources */,
				308D05371370CCF300D202BF /* icon-72.png in Resources */,
				30B4F30119D5E07200D9F7D8 /* Default-736h.png in Resources */,
				308D05381370CCF300D202BF /* icon.png in Resources */,
				308D05391370CCF300D202BF /* icon@2x.png in Resources */,
				302D95F214D2391D003F00A1 /* MainViewController.xib in Resources */,
				7E7966E01810823500FA85AD /* icon-50.png in Resources */,
				7E7966E31810823500FA85AD /* icon-60@2x.png in Resources */,
				7E7966E61810823500FA85AD /* icon-small.png in Resources */,
				3088BBBD154F3926009F9C59 /* Default-Landscape@2x~ipad.png in Resources */,
				3088BBBE154F3926009F9C59 /* Default-Landscape~ipad.png in Resources */,
				3088BBBF154F3926009F9C59 /* Default-Portrait@2x~ipad.png in Resources */,
				7E7966E71810823500FA85AD /* icon-small@2x.png in Resources */,
				3088BBC0154F3926009F9C59 /* Default-Portrait~ipad.png in Resources */,
				30B4F30019D5E07200D9F7D8 /* Default-667h.png in Resources */,
				7E7966DE1810823500FA85AD /* icon-40.png in Resources */,
				3088BBC1154F3926009F9C59 /* Default@2x~iphone.png in Resources */,
				7E7966E21810823500FA85AD /* icon-60.png in Resources */,
				3088BBC2154F3926009F9C59 /* Default~iphone.png in Resources */,
				D4A0D8761607E02300AEF8BB /* Default-568h@2x~iphone.png in Resources */,
				30B4F30219D5E07200D9F7D8 /* Default-Landscape-736h.png in Resources */,
				30C1856619D5FC0A00212699 /* icon-60@3x.png in Resources */,
				7E7966E11810823500FA85AD /* icon-50@2x.png in Resources */,
				7E7966E51810823500FA85AD /* icon-76@2x.png in Resources */,
				30FC414916E50CA1004E6F35 /* icon-72@2x.png in Resources */,
				D20956FFC46445528DA16476 /* CDVNotification.bundle in Resources */,
				CB6751E4E0F046AF922ACA6E /* CDVCapture.bundle in Resources */,
			);
			runOnlyForDeploymentPostprocessing = 0;
		};
/* End PBXResourcesBuildPhase section */

/* Begin PBXShellScriptBuildPhase section */
		304B58A110DAC018002A0835 /* Copy www directory */ = {
			isa = PBXShellScriptBuildPhase;
			buildActionMask = 2147483647;
			files = (
			);
			inputPaths = (
			);
			name = "Copy www directory";
			outputPaths = (
			);
			runOnlyForDeploymentPostprocessing = 0;
			shellPath = /bin/sh;
			shellScript = "NODEJS_PATH=/usr/local/bin; NVM_NODE_PATH=~/.nvm/versions/node/`nvm version 2>/dev/null`/bin; N_NODE_PATH=`find /usr/local/n/versions/node/* -maxdepth 0 -type d 2>/dev/null | tail -1`/bin; XCODE_NODE_PATH=`xcode-select --print-path`/usr/share/xcs/Node/bin; PATH=$NODEJS_PATH:$NVM_NODE_PATH:$N_NODE_PATH:$XCODE_NODE_PATH:$PATH && node cordova/lib/copy-www-build-step.js";
			showEnvVarsInLog = 0;
		};
/* End PBXShellScriptBuildPhase section */

/* Begin PBXSourcesBuildPhase section */
		1D60588E0D05DD3D006BFB54 /* Sources */ = {
			isa = PBXSourcesBuildPhase;
			buildActionMask = 2147483647;
			files = (
				1D60589B0D05DD56006BFB54 /* main.m in Sources */,
				1D3623260D0F684500981E51 /* AppDelegate.m in Sources */,
				302D95F114D2391D003F00A1 /* MainViewController.m in Sources */,
				14B490884EAD41E881870B8E /* FacebookConnectPlugin.m in Sources */,
				2397865F95944F48986230AC /* CDVBattery.m in Sources */,
				90339A5BC3B544778268539B /* UIImage+CropScaleOrientation.m in Sources */,
				B382D9CD8FAD4FD6868D32DD /* CDVCamera.m in Sources */,
				C981B9FBFB944919A7B06337 /* CDVJpegHeaderWriter.m in Sources */,
				F48B8C9841CA4A5A923F1E93 /* CDVLogger.m in Sources */,
				97199332ACD14B309A67A272 /* CDVContacts.m in Sources */,
				0D992E2CF08F43DD937AFE3E /* CDVContact.m in Sources */,
				03C808DC12674FD7B814AF36 /* CDVDevice.m in Sources */,
				B6FE508D8AC14D14B9727C38 /* CDVAccelerometer.m in Sources */,
				EBB9E1FFDDD940A7882E8E33 /* CDVCompass.m in Sources */,
				E83351979EB44EDFBA852AA6 /* CDVNotification.m in Sources */,
				FED32AD9551D42148A3AF47E /* CDVFile.m in Sources */,
				F1F16657D3604866BFD1A95A /* CDVLocalFilesystem.m in Sources */,
				EC15BAF764AE4D7884E1D0BC /* CDVAssetLibraryFilesystem.m in Sources */,
				DF3ED02A33FA49B0995B60DB /* CDVFileTransfer.m in Sources */,
				748A36F9112C43DC9886893F /* CDVLocation.m in Sources */,
				7F9626C80F4E40C1AF8308BD /* CDVGlobalization.m in Sources */,
				2E241AE77E56480981D1D3B7 /* CDVInAppBrowser.m in Sources */,
				D4551F84E4E94501B2EF97BB /* CDVSound.m in Sources */,
				5111711B211F44E7B85C2057 /* CDVCapture.m in Sources */,
				398A4011ADEB4EE4929B19F2 /* CDVConnection.m in Sources */,
				514A967EC5FE405686F37443 /* CDVReachability.m in Sources */,
				697DA70B1B96409DA243CDF2 /* CDVSplashScreen.m in Sources */,
				BF15F87C678E4FCFAB658575 /* CDVVibration.m in Sources */,
			);
			runOnlyForDeploymentPostprocessing = 0;
		};
/* End PBXSourcesBuildPhase section */

/* Begin PBXTargetDependency section */
		301BF551109A68C00062928A /* PBXTargetDependency */ = {
			isa = PBXTargetDependency;
			name = CordovaLib;
			targetProxy = 301BF550109A68C00062928A /* PBXContainerItemProxy */;
		};
/* End PBXTargetDependency section */

/* Begin XCBuildConfiguration section */
		1D6058940D05DD3E006BFB54 /* Debug */ = {
			isa = XCBuildConfiguration;
			buildSettings = {
				ALWAYS_SEARCH_USER_PATHS = NO;
				CLANG_ENABLE_OBJC_ARC = YES;
				COPY_PHASE_STRIP = NO;
				GCC_DYNAMIC_NO_PIC = NO;
				GCC_OPTIMIZATION_LEVEL = 0;
				GCC_PRECOMPILE_PREFIX_HEADER = YES;
				GCC_PREFIX_HEADER = "Social Putts/Social Putts-Prefix.pch";
				GCC_THUMB_SUPPORT = NO;
				GCC_VERSION = "";
				INFOPLIST_FILE = "Social Putts/Social Putts-Info.plist";
				IPHONEOS_DEPLOYMENT_TARGET = 6.0;
				OTHER_LDFLAGS = (
					"-weak_framework",
					CoreFoundation,
					"-weak_framework",
					UIKit,
					"-weak_framework",
					AVFoundation,
					"-weak_framework",
					CoreMedia,
					"-weak-lSystem",
					"-ObjC",
				);
				PRODUCT_NAME = "Social Putts";
				TARGETED_DEVICE_FAMILY = "1,2";
				FRAMEWORK_SEARCH_PATHS = (
					"$(inherited)",
					"\"Social Putts\Plugins\com.phonegap.plugins.facebookconnect\"",
				);
			};
			name = Debug;
		};
		1D6058950D05DD3E006BFB54 /* Release */ = {
			isa = XCBuildConfiguration;
			buildSettings = {
				ALWAYS_SEARCH_USER_PATHS = NO;
				CLANG_ENABLE_OBJC_ARC = YES;
				COPY_PHASE_STRIP = YES;
				GCC_PRECOMPILE_PREFIX_HEADER = YES;
				GCC_PREFIX_HEADER = "Social Putts/Social Putts-Prefix.pch";
				GCC_THUMB_SUPPORT = NO;
				GCC_VERSION = "";
				INFOPLIST_FILE = "Social Putts/Social Putts-Info.plist";
				IPHONEOS_DEPLOYMENT_TARGET = 6.0;
				OTHER_LDFLAGS = (
					"-weak_framework",
					CoreFoundation,
					"-weak_framework",
					UIKit,
					"-weak_framework",
					AVFoundation,
					"-weak_framework",
					CoreMedia,
					"-weak-lSystem",
					"-ObjC",
				);
				PRODUCT_NAME = "Social Putts";
				TARGETED_DEVICE_FAMILY = "1,2";
				FRAMEWORK_SEARCH_PATHS = (
					"$(inherited)",
					"\"Social Putts\Plugins\com.phonegap.plugins.facebookconnect\"",
				);
			};
			name = Release;
		};
		C01FCF4F08A954540054247B /* Debug */ = {
			isa = XCBuildConfiguration;
			buildSettings = {
				CLANG_ENABLE_OBJC_ARC = YES;
				CLANG_WARN_BOOL_CONVERSION = YES;
				CLANG_WARN_CONSTANT_CONVERSION = YES;
				CLANG_WARN_EMPTY_BODY = YES;
				CLANG_WARN_ENUM_CONVERSION = YES;
				CLANG_WARN_INT_CONVERSION = YES;
				CLANG_WARN__DUPLICATE_METHOD_MATCH = YES;
				"CODE_SIGN_IDENTITY[sdk=iphoneos*]" = "iPhone Developer";
				GCC_C_LANGUAGE_STANDARD = c99;
				GCC_THUMB_SUPPORT = NO;
				GCC_VERSION = "";
				GCC_WARN_ABOUT_RETURN_TYPE = YES;
				GCC_WARN_UNDECLARED_SELECTOR = YES;
				GCC_WARN_UNINITIALIZED_AUTOS = YES;
				GCC_WARN_UNUSED_FUNCTION = YES;
				GCC_WARN_UNUSED_VARIABLE = YES;
				HEADER_SEARCH_PATHS = (
					"\"$(TARGET_BUILD_DIR)/usr/local/lib/include\"",
					"\"$(OBJROOT)/UninstalledProducts/include\"",
					"\"$(BUILT_PRODUCTS_DIR)\"",
				);
				IPHONEOS_DEPLOYMENT_TARGET = 6.0;
				ONLY_ACTIVE_ARCH = YES;
				OTHER_LDFLAGS = (
					"-weak_framework",
					CoreFoundation,
					"-weak_framework",
					UIKit,
					"-weak_framework",
					AVFoundation,
					"-weak_framework",
					CoreMedia,
					"-weak-lSystem",
					"-ObjC",
				);
				SDKROOT = iphoneos;
				SKIP_INSTALL = NO;
				USER_HEADER_SEARCH_PATHS = "";
			};
			name = Debug;
		};
		C01FCF5008A954540054247B /* Release */ = {
			isa = XCBuildConfiguration;
			buildSettings = {
				CLANG_ENABLE_OBJC_ARC = YES;
				CLANG_WARN_BOOL_CONVERSION = YES;
				CLANG_WARN_CONSTANT_CONVERSION = YES;
				CLANG_WARN_EMPTY_BODY = YES;
				CLANG_WARN_ENUM_CONVERSION = YES;
				CLANG_WARN_INT_CONVERSION = YES;
				CLANG_WARN__DUPLICATE_METHOD_MATCH = YES;
				"CODE_SIGN_IDENTITY[sdk=iphoneos*]" = "iPhone Developer";
				GCC_C_LANGUAGE_STANDARD = c99;
				GCC_THUMB_SUPPORT = NO;
				GCC_VERSION = "";
				GCC_WARN_ABOUT_RETURN_TYPE = YES;
				GCC_WARN_UNDECLARED_SELECTOR = YES;
				GCC_WARN_UNINITIALIZED_AUTOS = YES;
				GCC_WARN_UNUSED_FUNCTION = YES;
				GCC_WARN_UNUSED_VARIABLE = YES;
				HEADER_SEARCH_PATHS = (
					"\"$(TARGET_BUILD_DIR)/usr/local/lib/include\"",
					"\"$(OBJROOT)/UninstalledProducts/include\"",
					"\"$(BUILT_PRODUCTS_DIR)\"",
				);
				IPHONEOS_DEPLOYMENT_TARGET = 6.0;
				OTHER_LDFLAGS = (
					"-weak_framework",
					CoreFoundation,
					"-weak_framework",
					UIKit,
					"-weak_framework",
					AVFoundation,
					"-weak_framework",
					CoreMedia,
					"-weak-lSystem",
					"-ObjC",
				);
				SDKROOT = iphoneos;
				SKIP_INSTALL = NO;
				USER_HEADER_SEARCH_PATHS = "";
			};
			name = Release;
		};
/* End XCBuildConfiguration section */

/* Begin XCConfigurationList section */
		1D6058960D05DD3E006BFB54 /* Build configuration list for PBXNativeTarget "Social Putts" */ = {
			isa = XCConfigurationList;
			buildConfigurations = (
				1D6058940D05DD3E006BFB54 /* Debug */,
				1D6058950D05DD3E006BFB54 /* Release */,
			);
			defaultConfigurationIsVisible = 0;
			defaultConfigurationName = Release;
		};
		C01FCF4E08A954540054247B /* Build configuration list for PBXProject "__CLI__" */ = {
			isa = XCConfigurationList;
			buildConfigurations = (
				C01FCF4F08A954540054247B /* Debug */,
				C01FCF5008A954540054247B /* Release */,
			);
			defaultConfigurationIsVisible = 0;
			defaultConfigurationName = Release;
		};
/* End XCConfigurationList section */
	};
	rootObject = 29B97313FDCFA39411CA2CEA /* Project object */;
}
